
Microsoft Visual Studio Solution File, Format Version 12.00
# Visual Studio Version 16
VisualStudioVersion = 16.0.31025.218
MinimumVisualStudioVersion = 10.0.40219.1
Project("{9A19103F-16F7-4668-BE54-9A1E7A4F7556}") = "AutomationNC", "AutomationNC\AutomationNC.csproj", "{80491D66-16DB-4392-9C9A-032FB0A42267}"
EndProject
Project("{9A19103F-16F7-4668-BE54-9A1E7A4F7556}") = "ScriptDesigner", "ScriptDesigner\ScriptDesigner.csproj", "{9867B118-B6C2-4337-B321-A7CEA50F7B8E}"
EndProject
Project("{9A19103F-16F7-4668-BE54-9A1E7A4F7556}") = "Core", "Core\Core.csproj", "{CE12F41F-2FEF-40C2-8F81-AE6257B63BAD}"
EndProject
Project("{9A19103F-16F7-4668-BE54-9A1E7A4F7556}") = "ManagerAppNC", "..\..\ManagerAppNC\ManagerAppNC\ManagerAppNC\ManagerAppNC.csproj", "{4A814456-BE6B-4427-97F8-CC77F2FA2F1E}"
EndProject
Global
	GlobalSection(SolutionConfigurationPlatforms) = preSolution
		Debug|Any CPU = Debug|Any CPU
		Release|Any CPU = Release|Any CPU
	EndGlobalSection
	GlobalSection(ProjectConfigurationPlatforms) = postSolution
		{80491D66-16DB-4392-9C9A-032FB0A42267}.Debug|Any CPU.ActiveCfg = Debug|Any CPU
		{80491D66-16DB-4392-9C9A-032FB0A42267}.Debug|Any CPU.Build.0 = Debug|Any CPU
		{80491D66-16DB-4392-9C9A-032FB0A42267}.Release|Any CPU.ActiveCfg = Release|Any CPU
		{80491D66-16DB-4392-9C9A-032FB0A42267}.Release|Any CPU.Build.0 = Release|Any CPU
		{9867B118-B6C2-4337-B321-A7CEA50F7B8E}.Debug|Any CPU.ActiveCfg = Debug|Any CPU
		{9867B118-B6C2-4337-B321-A7CEA50F7B8E}.Debug|Any CPU.Build.0 = Debug|Any CPU
		{9867B118-B6C2-4337-B321-A7CEA50F7B8E}.Release|Any CPU.ActiveCfg = Release|Any CPU
		{9867B118-B6C2-4337-B321-A7CEA50F7B8E}.Release|Any CPU.Build.0 = Release|Any CPU
		{CE12F41F-2FEF-40C2-8F81-AE6257B63BAD}.Debug|Any CPU.ActiveCfg = Debug|Any CPU
		{CE12F41F-2FEF-40C2-8F81-AE6257B63BAD}.Debug|Any CPU.Build.0 = Debug|Any CPU
		{CE12F41F-2FEF-40C2-8F81-AE6257B63BAD}.Release|Any CPU.ActiveCfg = Release|Any CPU
		{CE12F41F-2FEF-40C2-8F81-AE6257B63BAD}.Release|Any CPU.Build.0 = Release|Any CPU
		{4A814456-BE6B-4427-97F8-CC77F2FA2F1E}.Debug|Any CPU.ActiveCfg = Debug|Any CPU
		{4A814456-BE6B-4427-97F8-CC77F2FA2F1E}.Debug|Any CPU.Build.0 = Debug|Any CPU
		{4A814456-BE6B-4427-97F8-CC77F2FA2F1E}.Release|Any CPU.ActiveCfg = Release|Any CPU
		{4A814456-BE6B-4427-97F8-CC77F2FA2F1E}.Release|Any CPU.Build.0 = Release|Any CPU
	EndGlobalSection
	GlobalSection(SolutionProperties) = preSolution
		HideSolutionNode = FALSE
	EndGlobalSection
	GlobalSection(ExtensibilityGlobals) = postSolution
		SolutionGuid = {425A5C74-10CD-456C-895E-5ECFB6DF1A7F}
	EndGlobalSection
EndGlobal
